
Microsoft Visual Studio Solution File, Format Version 12.00
# Visual Studio Version 16
VisualStudioVersion = 16.0.29215.179
MinimumVisualStudioVersion = 10.0.40219.1
Project("{FAE04EC0-301F-11D3-BF4B-00C04F79EFBC}") = "DC.CP.Web", "DC.CP.Web\DC.CP.Web.csproj", "{6B1A590F-A897-49A3-8186-29AFB7ED9947}"
EndProject
Global
	GlobalSection(SolutionConfigurationPlatforms) = preSolution
		Debug|Any CPU = Debug|Any CPU
		Release|Any CPU = Release|Any CPU
	EndGlobalSection
	GlobalSection(ProjectConfigurationPlatforms) = postSolution
		{6B1A590F-A897-49A3-8186-29AFB7ED9947}.Debug|Any CPU.ActiveCfg = Debug|Any CPU
		{6B1A590F-A897-49A3-8186-29AFB7ED9947}.Debug|Any CPU.Build.0 = Debug|Any CPU
		{6B1A590F-A897-49A3-8186-29AFB7ED9947}.Release|Any CPU.ActiveCfg = Release|Any CPU
		{6B1A590F-A897-49A3-8186-29AFB7ED9947}.Release|Any CPU.Build.0 = Release|Any CPU
	EndGlobalSection
	GlobalSection(SolutionProperties) = preSolution
		HideSolutionNode = FALSE
	EndGlobalSection
	GlobalSection(ExtensibilityGlobals) = postSolution
		SolutionGuid = {72991261-CBEC-489F-A033-53C2F4F2713E}
	EndGlobalSection
EndGlobal
